// !$*UTF8*$!
{
	archiveVersion = 1;
	classes = {
	};
	objectVersion = 46;
	objects = {

/* Begin PBXBuildFile section */
		97F4CFCE1DC0A6E30094C3F5 /* main.c in Sources */ = {isa = PBXBuildFile; fileRef = 97F4CFCD1DC0A6E30094C3F5 /* main.c */; };
		E17B73B41DD0CA7B005A90FC /* libsndfile.a in Frameworks */ = {isa = PBXBuildFile; fileRef = E17B73B31DD0CA7B005A90FC /* libsndfile.a */; };
/* End PBXBuildFile section */

/* Begin PBXCopyFilesBuildPhase section */
		97F4CFC81DC0A6E20094C3F5 /* CopyFiles */ = {
			isa = PBXCopyFilesBuildPhase;
			buildActionMask = 2147483647;
			dstPath = /usr/share/man/man1/;
			dstSubfolderSpec = 0;
			files = (
			);
			runOnlyForDeploymentPostprocessing = 1;
		};
/* End PBXCopyFilesBuildPhase section */

/* Begin PBXFileReference section */
		97F4CFCA1DC0A6E30094C3F5 /* 05-2_solution */ = {isa = PBXFileReference; explicitFileType = "compiled.mach-o.executable"; includeInIndex = 0; path = "05-2_solution"; sourceTree = BUILT_PRODUCTS_DIR; };
		97F4CFCD1DC0A6E30094C3F5 /* main.c */ = {isa = PBXFileReference; lastKnownFileType = sourcecode.c.c; path = main.c; sourceTree = "<group>"; };
		E17B73B31DD0CA7B005A90FC /* libsndfile.a */ = {isa = PBXFileReference; lastKnownFileType = archive.ar; path = libsndfile.a; sourceTree = "<group>"; };
/* End PBXFileReference section */

/* Begin PBXFrameworksBuildPhase section */
		97F4CFC71DC0A6E20094C3F5 /* Frameworks */ = {
			isa = PBXFrameworksBuildPhase;
			buildActionMask = 2147483647;
			files = (
				E17B73B41DD0CA7B005A90FC /* libsndfile.a in Frameworks */,
			);
			runOnlyForDeploymentPostprocessing = 0;
		};
/* End PBXFrameworksBuildPhase section */

/* Begin PBXGroup section */
		97F4CFC11DC0A6E20094C3F5 = {
			isa = PBXGroup;
			children = (
				97F4CFCC1DC0A6E30094C3F5 /* 05-2_solution */,
				97F4CFCB1DC0A6E30094C3F5 /* Products */,
			);
			sourceTree = "<group>";
		};
		97F4CFCB1DC0A6E30094C3F5 /* Products */ = {
			isa = PBXGroup;
			children = (
				97F4CFCA1DC0A6E30094C3F5 /* 05-2_solution */,
			);
			name = Products;
			sourceTree = "<group>";
		};
		97F4CFCC1DC0A6E30094C3F5 /* 05-2_solution */ = {
			isa = PBXGroup;
			children = (
				97F4CFCD1DC0A6E30094C3F5 /* main.c */,
				E17B73B31DD0CA7B005A90FC /* libsndfile.a */,
			);
			path = "05-2_solution";
			sourceTree = "<group>";
		};
/* End PBXGroup section */

/* Begin PBXNativeTarget section */
		97F4CFC91DC0A6E20094C3F5 /* 05-2_solution */ = {
			isa = PBXNativeTarget;
			buildConfigurationList = 97F4CFD11DC0A6E30094C3F5 /* Build configuration list for PBXNativeTarget "05-2_solution" */;
			buildPhases = (
				97F4CFC61DC0A6E20094C3F5 /* Sources */,
				97F4CFC71DC0A6E20094C3F5 /* Frameworks */,
				97F4CFC81DC0A6E20094C3F5 /* CopyFiles */,
			);
			buildRules = (
			);
			dependencies = (
			);
			name = "05-2_solution";
			productName = "05-2_solution";
			productReference = 97F4CFCA1DC0A6E30094C3F5 /* 05-2_solution */;
			productType = "com.apple.product-type.tool";
		};
/* End PBXNativeTarget section */

/* Begin PBXProject section */
		97F4CFC21DC0A6E20094C3F5 /* Project object */ = {
			isa = PBXProject;
			attributes = {
				LastUpgradeCheck = 0810;
				ORGANIZATIONNAME = "Christopher Hummersone";
				TargetAttributes = {
					97F4CFC91DC0A6E20094C3F5 = {
						CreatedOnToolsVersion = 8.0;
						ProvisioningStyle = Automatic;
					};
				};
			};
			buildConfigurationList = 97F4CFC51DC0A6E20094C3F5 /* Build configuration list for PBXProject "05-2_solution" */;
			compatibilityVersion = "Xcode 3.2";
			developmentRegion = English;
			hasScannedForEncodings = 0;
			knownRegions = (
				en,
			);
			mainGroup = 97F4CFC11DC0A6E20094C3F5;
			productRefGroup = 97F4CFCB1DC0A6E30094C3F5 /* Products */;
			projectDirPath = "";
			projectRoot = "";
			targets = (
				97F4CFC91DC0A6E20094C3F5 /* 05-2_solution */,
			);
		};
/* End PBXProject section */

/* Begin PBXSourcesBuildPhase section */
		97F4CFC61DC0A6E20094C3F5 /* Sources */ = {
			isa = PBXSourcesBuildPhase;
			buildActionMask = 2147483647;
			files = (
				97F4CFCE1DC0A6E30094C3F5 /* main.c in Sources */,
			);
			runOnlyForDeploymentPostprocessing = 0;
		};
/* End PBXSourcesBuildPhase section */

/* Begin XCBuildConfiguration section */
		97F4CFCF1DC0A6E30094C3F5 /* Debug */ = {
			isa = XCBuildConfiguration;
			buildSettings = {
				ALWAYS_SEARCH_USER_PATHS = NO;
				CLANG_ANALYZER_NONNULL = YES;
				CLANG_CXX_LANGUAGE_STANDARD = "gnu++0x";
				CLANG_CXX_LIBRARY = "libc++";
				CLANG_ENABLE_MODULES = YES;
				CLANG_ENABLE_OBJC_ARC = YES;
				CLANG_WARN_BOOL_CONVERSION = YES;
				CLANG_WARN_CONSTANT_CONVERSION = YES;
				CLANG_WARN_DIRECT_OBJC_ISA_USAGE = YES_ERROR;
				CLANG_WARN_DOCUMENTATION_COMMENTS = YES;
				CLANG_WARN_EMPTY_BODY = YES;
				CLANG_WARN_ENUM_CONVERSION = YES;
				CLANG_WARN_INFINITE_RECURSION = YES;
				CLANG_WARN_INT_CONVERSION = YES;
				CLANG_WARN_OBJC_ROOT_CLASS = YES_ERROR;
				CLANG_WARN_SUSPICIOUS_MOVE = YES;
				CLANG_WARN_SUSPICIOUS_MOVES = YES;
				CLANG_WARN_UNREACHABLE_CODE = YES;
				CLANG_WARN__DUPLICATE_METHOD_MATCH = YES;
				CODE_SIGN_IDENTITY = "-";
				COPY_PHASE_STRIP = NO;
				DEBUG_INFORMATION_FORMAT = dwarf;
				ENABLE_STRICT_OBJC_MSGSEND = YES;
				ENABLE_TESTABILITY = YES;
				GCC_C_LANGUAGE_STANDARD = gnu99;
				GCC_DYNAMIC_NO_PIC = NO;
				GCC_NO_COMMON_BLOCKS = YES;
				GCC_OPTIMIZATION_LEVEL = 0;
				GCC_PREPROCESSOR_DEFINITIONS = (
					"DEBUG=1",
					"$(inherited)",
				);
				GCC_WARN_64_TO_32_BIT_CONVERSION = YES;
				GCC_WARN_ABOUT_RETURN_TYPE = YES_ERROR;
				GCC_WARN_UNDECLARED_SELECTOR = YES;
				GCC_WARN_UNINITIALIZED_AUTOS = YES_AGGRESSIVE;
				GCC_WARN_UNUSED_FUNCTION = YES;
				GCC_WARN_UNUSED_VARIABLE = YES;
				MACOSX_DEPLOYMENT_TARGET = 10.11;
				MTL_ENABLE_DEBUG_INFO = YES;
				ONLY_ACTIVE_ARCH = YES;
				SDKROOT = macosx;
			};
			name = Debug;
		};
		97F4CFD01DC0A6E30094C3F5 /* Release */ = {
			isa = XCBuildConfiguration;
			buildSettings = {
				ALWAYS_SEARCH_USER_PATHS = NO;
				CLANG_ANALYZER_NONNULL = YES;
				CLANG_CXX_LANGUAGE_STANDARD = "gnu++0x";
				CLANG_CXX_LIBRARY = "libc++";
				CLANG_ENABLE_MODULES = YES;
				CLANG_ENABLE_OBJC_ARC = YES;
				CLANG_WARN_BOOL_CONVERSION = YES;
				CLANG_WARN_CONSTANT_CONVERSION = YES;
				CLANG_WARN_DIRECT_OBJC_ISA_USAGE = YES_ERROR;
				CLANG_WARN_DOCUMENTATION_COMMENTS = YES;
				CLANG_WARN_EMPTY_BODY = YES;
				CLANG_WARN_ENUM_CONVERSION = YES;
				CLANG_WARN_INFINITE_RECURSION = YES;
				CLANG_WARN_INT_CONVERSION = YES;
				CLANG_WARN_OBJC_ROOT_CLASS = YES_ERROR;
				CLANG_WARN_SUSPICIOUS_MOVE = YES;
				CLANG_WARN_SUSPICIOUS_MOVES = YES;
				CLANG_WARN_UNREACHABLE_CODE = YES;
				CLANG_WARN__DUPLICATE_METHOD_MATCH = YES;
				CODE_SIGN_IDENTITY = "-";
				COPY_PHASE_STRIP = NO;
				DEBUG_INFORMATION_FORMAT = "dwarf-with-dsym";
				ENABLE_NS_ASSERTIONS = NO;
				ENABLE_STRICT_OBJC_MSGSEND = YES;
				GCC_C_LANGUAGE_STANDARD = gnu99;
				GCC_NO_COMMON_BLOCKS = YES;
				GCC_WARN_64_TO_32_BIT_CONVERSION = YES;
				GCC_WARN_ABOUT_RETURN_TYPE = YES_ERROR;
				GCC_WARN_UNDECLARED_SELECTOR = YES;
				GCC_WARN_UNINITIALIZED_AUTOS = YES_AGGRESSIVE;
				GCC_WARN_UNUSED_FUNCTION = YES;
				GCC_WARN_UNUSED_VARIABLE = YES;
				MACOSX_DEPLOYMENT_TARGET = 10.11;
				MTL_ENABLE_DEBUG_INFO = NO;
				SDKROOT = macosx;
			};
			name = Release;
		};
		97F4CFD21DC0A6E30094C3F5 /* Debug */ = {
			isa = XCBuildConfiguration;
			buildSettings = {
				HEADER_SEARCH_PATHS = "/Users/DanWeston/Desktop/libsndfile-1.0.27/Build/include";
				LIBRARY_SEARCH_PATHS = (
					"$(inherited)",
					"$(PROJECT_DIR)/05-2_solution",
					"/Users/DanWeston/Desktop/libsndfile-1.0.27/Build/lib",
				);
				PRODUCT_NAME = "$(TARGET_NAME)";
			};
			name = Debug;
		};
		97F4CFD31DC0A6E30094C3F5 /* Release */ = {
			isa = XCBuildConfiguration;
			buildSettings = {
				HEADER_SEARCH_PATHS = "/Users/DanWeston/Desktop/libsndfile-1.0.27/Build/include";
				LIBRARY_SEARCH_PATHS = (
					"$(inherited)",
					"$(PROJECT_DIR)/05-2_solution",
					"/Users/DanWeston/Desktop/libsndfile-1.0.27/Build/lib",
				);
				PRODUCT_NAME = "$(TARGET_NAME)";
			};
			name = Release;
		};
/* End XCBuildConfiguration section */

/* Begin XCConfigurationList section */
		97F4CFC51DC0A6E20094C3F5 /* Build configuration list for PBXProject "05-2_solution" */ = {
			isa = XCConfigurationList;
			buildConfigurations = (
				97F4CFCF1DC0A6E30094C3F5 /* Debug */,
				97F4CFD01DC0A6E30094C3F5 /* Release */,
			);
			defaultConfigurationIsVisible = 0;
			defaultConfigurationName = Release;
		};
		97F4CFD11DC0A6E30094C3F5 /* Build configuration list for PBXNativeTarget "05-2_solution" */ = {
			isa = XCConfigurationList;
			buildConfigurations = (
				97F4CFD21DC0A6E30094C3F5 /* Debug */,
				97F4CFD31DC0A6E30094C3F5 /* Release */,
			);
			defaultConfigurationIsVisible = 0;
			defaultConfigurationName = Release;
		};
/* End XCConfigurationList section */
	};
	rootObject = 97F4CFC21DC0A6E20094C3F5 /* Project object */;
}
